
Microsoft Visual Studio Solution File, Format Version 12.00
# Visual Studio Version 17
VisualStudioVersion = 17.7.34031.279
MinimumVisualStudioVersion = 10.0.40219.1
Project("{9A19103F-16F7-4668-BE54-9A1E7A4F7556}") = "Chopper", "Chopper\Chopper.csproj", "{8E188E2F-C8C6-4153-B946-370F69300CD5}"
EndProject
Project("{FAE04EC0-301F-11D3-BF4B-00C04F79EFBC}") = "ChopperPipelineExtensions", "ChopperPipelineExtensions\ChopperPipelineExtensions.csproj", "{3E828BDC-6945-4F8E-B467-632D54C1FE60}"
EndProject
Global
	GlobalSection(SolutionConfigurationPlatforms) = preSolution
		Debug|Any CPU = Debug|Any CPU
		Release|Any CPU = Release|Any CPU
	EndGlobalSection
	GlobalSection(ProjectConfigurationPlatforms) = postSolution
		{8E188E2F-C8C6-4153-B946-370F69300CD5}.Debug|Any CPU.ActiveCfg = Debug|Any CPU
		{8E188E2F-C8C6-4153-B946-370F69300CD5}.Debug|Any CPU.Build.0 = Debug|Any CPU
		{8E188E2F-C8C6-4153-B946-370F69300CD5}.Release|Any CPU.ActiveCfg = Release|Any CPU
		{8E188E2F-C8C6-4153-B946-370F69300CD5}.Release|Any CPU.Build.0 = Release|Any CPU
		{3E828BDC-6945-4F8E-B467-632D54C1FE60}.Debug|Any CPU.ActiveCfg = Release|Any CPU
		{3E828BDC-6945-4F8E-B467-632D54C1FE60}.Debug|Any CPU.Build.0 = Release|Any CPU
		{3E828BDC-6945-4F8E-B467-632D54C1FE60}.Release|Any CPU.ActiveCfg = Release|Any CPU
		{3E828BDC-6945-4F8E-B467-632D54C1FE60}.Release|Any CPU.Build.0 = Release|Any CPU
	EndGlobalSection
	GlobalSection(SolutionProperties) = preSolution
		HideSolutionNode = FALSE
	EndGlobalSection
	GlobalSection(ExtensibilityGlobals) = postSolution
		SolutionGuid = {D15BCFDA-5788-4791-B0E1-0B70C3658823}
	EndGlobalSection
EndGlobal
